// !$*UTF8*$!
{
	archiveVersion = 1;
	classes = {
	};
	objectVersion = 50;
	objects = {

/* Begin PBXBuildFile section */
		65CFDA1412DBBF75CAEC65D4 /* Pods_PXUtilsDemo.framework in Frameworks */ = {isa = PBXBuildFile; fileRef = F55317D0710A4E8339E01CEE /* Pods_PXUtilsDemo.framework */; };
		A606759221F2EE0D009B7533 /* yahei.ttf in Resources */ = {isa = PBXBuildFile; fileRef = A606759121F2EE0D009B7533 /* yahei.ttf */; };
		A60675C321F3218E009B7533 /* AppDelegate.m in Sources */ = {isa = PBXBuildFile; fileRef = A67A2D3821F021190001F39B /* AppDelegate.m */; };
		A60675C421F3218E009B7533 /* ViewController.m in Sources */ = {isa = PBXBuildFile; fileRef = A67A2D3B21F021190001F39B /* ViewController.m */; };
		A60675C521F3218E009B7533 /* TwoVC.m in Sources */ = {isa = PBXBuildFile; fileRef = A60675A121F3173C009B7533 /* TwoVC.m */; };
		A60675C621F3218E009B7533 /* User.m in Sources */ = {isa = PBXBuildFile; fileRef = A606758A21F1C755009B7533 /* User.m */; };
		A60675C821F3218E009B7533 /* PXDebug.m in Sources */ = {isa = PBXBuildFile; fileRef = A606759E21F30572009B7533 /* PXDebug.m */; };
		A60675C921F3218E009B7533 /* UIView+Debug.m in Sources */ = {isa = PBXBuildFile; fileRef = A606759821F30554009B7533 /* UIView+Debug.m */; };
		A60675CA21F3218E009B7533 /* UIViewController+Debug.m in Sources */ = {isa = PBXBuildFile; fileRef = A606759B21F30565009B7533 /* UIViewController+Debug.m */; };
		A60675CB21F3218E009B7533 /* UIButton+PX.m in Sources */ = {isa = PBXBuildFile; fileRef = A67A2DBD21F0731E0001F39B /* UIButton+PX.m */; };
		A60675CC21F3218E009B7533 /* UIColor+PX.m in Sources */ = {isa = PBXBuildFile; fileRef = A67A2DC021F0731E0001F39B /* UIColor+PX.m */; };
		A60675CD21F3218E009B7533 /* UIFont+PX.m in Sources */ = {isa = PBXBuildFile; fileRef = A67A2DC621F0731E0001F39B /* UIFont+PX.m */; };
		A60675CE21F3218E009B7533 /* UIImage+PX.m in Sources */ = {isa = PBXBuildFile; fileRef = A67A2DB821F0731E0001F39B /* UIImage+PX.m */; };
		A60675CF21F3218E009B7533 /* UIImageView+PX.m in Sources */ = {isa = PBXBuildFile; fileRef = A67A2DCD21F0731E0001F39B /* UIImageView+PX.m */; };
		A60675D021F3218E009B7533 /* UILabel+PX.m in Sources */ = {isa = PBXBuildFile; fileRef = A67A2DBB21F0731E0001F39B /* UILabel+PX.m */; };
		A60675D121F3218E009B7533 /* UITextField+PX.m in Sources */ = {isa = PBXBuildFile; fileRef = A67A2DD121F0731E0001F39B /* UITextField+PX.m */; };
		A60675D221F3218E009B7533 /* UITextView+PX.m in Sources */ = {isa = PBXBuildFile; fileRef = A67A2DC921F0731E0001F39B /* UITextView+PX.m */; };
		A60675D321F3218E009B7533 /* UIView+PX.m in Sources */ = {isa = PBXBuildFile; fileRef = A67A2DC421F0731E0001F39B /* UIView+PX.m */; };
		A60675D421F3218E009B7533 /* PXObject.m in Sources */ = {isa = PBXBuildFile; fileRef = A606758021F19FA9009B7533 /* PXObject.m */; };
		A60675D521F3218E009B7533 /* NSArray+PX.m in Sources */ = {isa = PBXBuildFile; fileRef = A67A2DAB21F073150001F39B /* NSArray+PX.m */; };
		A60675D621F3218E009B7533 /* NSDate+PX.m in Sources */ = {isa = PBXBuildFile; fileRef = A67A2DAE21F073150001F39B /* NSDate+PX.m */; };
		A60675D721F3218E009B7533 /* NSString+PX.m in Sources */ = {isa = PBXBuildFile; fileRef = A67A2DB021F073150001F39B /* NSString+PX.m */; };
		A60675D821F321BF009B7533 /* main.m in Sources */ = {isa = PBXBuildFile; fileRef = A67A2D4621F021190001F39B /* main.m */; };
		A60675E521F55B8C009B7533 /* PXUtilsConstant.m in Sources */ = {isa = PBXBuildFile; fileRef = A60675E121F55B8C009B7533 /* PXUtilsConstant.m */; };
		A67A2D4121F021190001F39B /* Assets.xcassets in Resources */ = {isa = PBXBuildFile; fileRef = A67A2D4021F021190001F39B /* Assets.xcassets */; };
		A67A2D4421F021190001F39B /* LaunchScreen.storyboard in Resources */ = {isa = PBXBuildFile; fileRef = A67A2D4221F021190001F39B /* LaunchScreen.storyboard */; };
/* End PBXBuildFile section */

/* Begin PBXFileReference section */
		24F1C7C8D2470C4E48EA9FF7 /* Pods-PXUtilsDemo.release.xcconfig */ = {isa = PBXFileReference; includeInIndex = 1; lastKnownFileType = text.xcconfig; name = "Pods-PXUtilsDemo.release.xcconfig"; path = "Pods/Target Support Files/Pods-PXUtilsDemo/Pods-PXUtilsDemo.release.xcconfig"; sourceTree = "<group>"; };
		A606758021F19FA9009B7533 /* PXObject.m */ = {isa = PBXFileReference; fileEncoding = 4; lastKnownFileType = sourcecode.c.objc; path = PXObject.m; sourceTree = "<group>"; };
		A606758221F19FA9009B7533 /* PXObject.h */ = {isa = PBXFileReference; fileEncoding = 4; lastKnownFileType = sourcecode.c.h; path = PXObject.h; sourceTree = "<group>"; };
		A606758921F1C755009B7533 /* User.h */ = {isa = PBXFileReference; lastKnownFileType = sourcecode.c.h; path = User.h; sourceTree = "<group>"; };
		A606758A21F1C755009B7533 /* User.m */ = {isa = PBXFileReference; lastKnownFileType = sourcecode.c.objc; path = User.m; sourceTree = "<group>"; };
		A606759121F2EE0D009B7533 /* yahei.ttf */ = {isa = PBXFileReference; lastKnownFileType = file; path = yahei.ttf; sourceTree = "<group>"; };
		A606759721F30554009B7533 /* UIView+Debug.h */ = {isa = PBXFileReference; lastKnownFileType = sourcecode.c.h; path = "UIView+Debug.h"; sourceTree = "<group>"; };
		A606759821F30554009B7533 /* UIView+Debug.m */ = {isa = PBXFileReference; lastKnownFileType = sourcecode.c.objc; path = "UIView+Debug.m"; sourceTree = "<group>"; };
		A606759A21F30565009B7533 /* UIViewController+Debug.h */ = {isa = PBXFileReference; lastKnownFileType = sourcecode.c.h; path = "UIViewController+Debug.h"; sourceTree = "<group>"; };
		A606759B21F30565009B7533 /* UIViewController+Debug.m */ = {isa = PBXFileReference; lastKnownFileType = sourcecode.c.objc; path = "UIViewController+Debug.m"; sourceTree = "<group>"; };
		A606759D21F30572009B7533 /* PXDebug.h */ = {isa = PBXFileReference; lastKnownFileType = sourcecode.c.h; path = PXDebug.h; sourceTree = "<group>"; };
		A606759E21F30572009B7533 /* PXDebug.m */ = {isa = PBXFileReference; lastKnownFileType = sourcecode.c.objc; path = PXDebug.m; sourceTree = "<group>"; };
		A60675A021F3173C009B7533 /* TwoVC.h */ = {isa = PBXFileReference; lastKnownFileType = sourcecode.c.h; path = TwoVC.h; sourceTree = "<group>"; };
		A60675A121F3173C009B7533 /* TwoVC.m */ = {isa = PBXFileReference; lastKnownFileType = sourcecode.c.objc; path = TwoVC.m; sourceTree = "<group>"; };
		A60675D921F321FB009B7533 /* PrefixHeader.pch */ = {isa = PBXFileReference; lastKnownFileType = sourcecode.c.h; path = PrefixHeader.pch; sourceTree = "<group>"; };
		A60675E021F55B8C009B7533 /* PXUtilsConstant.h */ = {isa = PBXFileReference; fileEncoding = 4; lastKnownFileType = sourcecode.c.h; path = PXUtilsConstant.h; sourceTree = "<group>"; };
		A60675E121F55B8C009B7533 /* PXUtilsConstant.m */ = {isa = PBXFileReference; fileEncoding = 4; lastKnownFileType = sourcecode.c.objc; path = PXUtilsConstant.m; sourceTree = "<group>"; };
		A60675E221F55B8C009B7533 /* PXUtilsSingleton.h */ = {isa = PBXFileReference; fileEncoding = 4; lastKnownFileType = sourcecode.c.h; path = PXUtilsSingleton.h; sourceTree = "<group>"; };
		A60675E321F55B8C009B7533 /* PXUtilsConstInline.h */ = {isa = PBXFileReference; fileEncoding = 4; lastKnownFileType = sourcecode.c.h; path = PXUtilsConstInline.h; sourceTree = "<group>"; };
		A60675E421F55B8C009B7533 /* PXUtilsMacros.h */ = {isa = PBXFileReference; fileEncoding = 4; lastKnownFileType = sourcecode.c.h; path = PXUtilsMacros.h; sourceTree = "<group>"; };
		A67A2D3421F021190001F39B /* PXUtilsDemo.app */ = {isa = PBXFileReference; explicitFileType = wrapper.application; includeInIndex = 0; path = PXUtilsDemo.app; sourceTree = BUILT_PRODUCTS_DIR; };
		A67A2D3721F021190001F39B /* AppDelegate.h */ = {isa = PBXFileReference; lastKnownFileType = sourcecode.c.h; path = AppDelegate.h; sourceTree = "<group>"; };
		A67A2D3821F021190001F39B /* AppDelegate.m */ = {isa = PBXFileReference; lastKnownFileType = sourcecode.c.objc; path = AppDelegate.m; sourceTree = "<group>"; };
		A67A2D3A21F021190001F39B /* ViewController.h */ = {isa = PBXFileReference; lastKnownFileType = sourcecode.c.h; path = ViewController.h; sourceTree = "<group>"; };
		A67A2D3B21F021190001F39B /* ViewController.m */ = {isa = PBXFileReference; lastKnownFileType = sourcecode.c.objc; path = ViewController.m; sourceTree = "<group>"; };
		A67A2D4021F021190001F39B /* Assets.xcassets */ = {isa = PBXFileReference; lastKnownFileType = folder.assetcatalog; path = Assets.xcassets; sourceTree = "<group>"; };
		A67A2D4321F021190001F39B /* Base */ = {isa = PBXFileReference; lastKnownFileType = file.storyboard; name = Base; path = Base.lproj/LaunchScreen.storyboard; sourceTree = "<group>"; };
		A67A2D4521F021190001F39B /* Info.plist */ = {isa = PBXFileReference; lastKnownFileType = text.plist.xml; path = Info.plist; sourceTree = "<group>"; };
		A67A2D4621F021190001F39B /* main.m */ = {isa = PBXFileReference; lastKnownFileType = sourcecode.c.objc; path = main.m; sourceTree = "<group>"; };
		A67A2D5621F0218B0001F39B /* PXUtils.h */ = {isa = PBXFileReference; lastKnownFileType = sourcecode.c.h; path = PXUtils.h; sourceTree = "<group>"; };
		A67A2DAA21F073150001F39B /* NSArray+PX.h */ = {isa = PBXFileReference; fileEncoding = 4; lastKnownFileType = sourcecode.c.h; path = "NSArray+PX.h"; sourceTree = "<group>"; };
		A67A2DAB21F073150001F39B /* NSArray+PX.m */ = {isa = PBXFileReference; fileEncoding = 4; lastKnownFileType = sourcecode.c.objc; path = "NSArray+PX.m"; sourceTree = "<group>"; };
		A67A2DAD21F073150001F39B /* NSDate+PX.h */ = {isa = PBXFileReference; fileEncoding = 4; lastKnownFileType = sourcecode.c.h; path = "NSDate+PX.h"; sourceTree = "<group>"; };
		A67A2DAE21F073150001F39B /* NSDate+PX.m */ = {isa = PBXFileReference; fileEncoding = 4; lastKnownFileType = sourcecode.c.objc; path = "NSDate+PX.m"; sourceTree = "<group>"; };
		A67A2DB021F073150001F39B /* NSString+PX.m */ = {isa = PBXFileReference; fileEncoding = 4; lastKnownFileType = sourcecode.c.objc; path = "NSString+PX.m"; sourceTree = "<group>"; };
		A67A2DB121F073150001F39B /* NSString+PX.h */ = {isa = PBXFileReference; fileEncoding = 4; lastKnownFileType = sourcecode.c.h; path = "NSString+PX.h"; sourceTree = "<group>"; };
		A67A2DB721F0731E0001F39B /* UIImage+PX.h */ = {isa = PBXFileReference; fileEncoding = 4; lastKnownFileType = sourcecode.c.h; path = "UIImage+PX.h"; sourceTree = "<group>"; };
		A67A2DB821F0731E0001F39B /* UIImage+PX.m */ = {isa = PBXFileReference; fileEncoding = 4; lastKnownFileType = sourcecode.c.objc; path = "UIImage+PX.m"; sourceTree = "<group>"; };
		A67A2DBA21F0731E0001F39B /* UILabel+PX.h */ = {isa = PBXFileReference; fileEncoding = 4; lastKnownFileType = sourcecode.c.h; path = "UILabel+PX.h"; sourceTree = "<group>"; };
		A67A2DBB21F0731E0001F39B /* UILabel+PX.m */ = {isa = PBXFileReference; fileEncoding = 4; lastKnownFileType = sourcecode.c.objc; path = "UILabel+PX.m"; sourceTree = "<group>"; };
		A67A2DBD21F0731E0001F39B /* UIButton+PX.m */ = {isa = PBXFileReference; fileEncoding = 4; lastKnownFileType = sourcecode.c.objc; path = "UIButton+PX.m"; sourceTree = "<group>"; };
		A67A2DBE21F0731E0001F39B /* UIButton+PX.h */ = {isa = PBXFileReference; fileEncoding = 4; lastKnownFileType = sourcecode.c.h; path = "UIButton+PX.h"; sourceTree = "<group>"; };
		A67A2DC021F0731E0001F39B /* UIColor+PX.m */ = {isa = PBXFileReference; fileEncoding = 4; lastKnownFileType = sourcecode.c.objc; path = "UIColor+PX.m"; sourceTree = "<group>"; };
		A67A2DC121F0731E0001F39B /* UIColor+PX.h */ = {isa = PBXFileReference; fileEncoding = 4; lastKnownFileType = sourcecode.c.h; path = "UIColor+PX.h"; sourceTree = "<group>"; };
		A67A2DC321F0731E0001F39B /* UIView+PX.h */ = {isa = PBXFileReference; fileEncoding = 4; lastKnownFileType = sourcecode.c.h; path = "UIView+PX.h"; sourceTree = "<group>"; };
		A67A2DC421F0731E0001F39B /* UIView+PX.m */ = {isa = PBXFileReference; fileEncoding = 4; lastKnownFileType = sourcecode.c.objc; path = "UIView+PX.m"; sourceTree = "<group>"; };
		A67A2DC621F0731E0001F39B /* UIFont+PX.m */ = {isa = PBXFileReference; fileEncoding = 4; lastKnownFileType = sourcecode.c.objc; path = "UIFont+PX.m"; sourceTree = "<group>"; };
		A67A2DC721F0731E0001F39B /* UIFont+PX.h */ = {isa = PBXFileReference; fileEncoding = 4; lastKnownFileType = sourcecode.c.h; path = "UIFont+PX.h"; sourceTree = "<group>"; };
		A67A2DC921F0731E0001F39B /* UITextView+PX.m */ = {isa = PBXFileReference; fileEncoding = 4; lastKnownFileType = sourcecode.c.objc; path = "UITextView+PX.m"; sourceTree = "<group>"; };
		A67A2DCA21F0731E0001F39B /* UITextView+PX.h */ = {isa = PBXFileReference; fileEncoding = 4; lastKnownFileType = sourcecode.c.h; path = "UITextView+PX.h"; sourceTree = "<group>"; };
		A67A2DCC21F0731E0001F39B /* UIImageView+PX.h */ = {isa = PBXFileReference; fileEncoding = 4; lastKnownFileType = sourcecode.c.h; path = "UIImageView+PX.h"; sourceTree = "<group>"; };
		A67A2DCD21F0731E0001F39B /* UIImageView+PX.m */ = {isa = PBXFileReference; fileEncoding = 4; lastKnownFileType = sourcecode.c.objc; path = "UIImageView+PX.m"; sourceTree = "<group>"; };
		A67A2DD021F0731E0001F39B /* UITextField+PX.h */ = {isa = PBXFileReference; fileEncoding = 4; lastKnownFileType = sourcecode.c.h; path = "UITextField+PX.h"; sourceTree = "<group>"; };
		A67A2DD121F0731E0001F39B /* UITextField+PX.m */ = {isa = PBXFileReference; fileEncoding = 4; lastKnownFileType = sourcecode.c.objc; path = "UITextField+PX.m"; sourceTree = "<group>"; };
		D9F97CCB37640DBA8091C37E /* Pods-PXUtilsDemo.debug.xcconfig */ = {isa = PBXFileReference; includeInIndex = 1; lastKnownFileType = text.xcconfig; name = "Pods-PXUtilsDemo.debug.xcconfig"; path = "Pods/Target Support Files/Pods-PXUtilsDemo/Pods-PXUtilsDemo.debug.xcconfig"; sourceTree = "<group>"; };
		F55317D0710A4E8339E01CEE /* Pods_PXUtilsDemo.framework */ = {isa = PBXFileReference; explicitFileType = wrapper.framework; includeInIndex = 0; path = Pods_PXUtilsDemo.framework; sourceTree = BUILT_PRODUCTS_DIR; };
/* End PBXFileReference section */

/* Begin PBXFrameworksBuildPhase section */
		A67A2D3121F021190001F39B /* Frameworks */ = {
			isa = PBXFrameworksBuildPhase;
			buildActionMask = 2147483647;
			files = (
				65CFDA1412DBBF75CAEC65D4 /* Pods_PXUtilsDemo.framework in Frameworks */,
			);
			runOnlyForDeploymentPostprocessing = 0;
		};
/* End PBXFrameworksBuildPhase section */

/* Begin PBXGroup section */
		5DF60F3361591B7EC9F30780 /* Pods */ = {
			isa = PBXGroup;
			children = (
				D9F97CCB37640DBA8091C37E /* Pods-PXUtilsDemo.debug.xcconfig */,
				24F1C7C8D2470C4E48EA9FF7 /* Pods-PXUtilsDemo.release.xcconfig */,
			);
			name = Pods;
			sourceTree = "<group>";
		};
		A606757E21F19FA9009B7533 /* NSObject */ = {
			isa = PBXGroup;
			children = (
				A606758221F19FA9009B7533 /* PXObject.h */,
				A606758021F19FA9009B7533 /* PXObject.m */,
			);
			path = NSObject;
			sourceTree = "<group>";
		};
		A606759021F2EE0D009B7533 /* Resource */ = {
			isa = PBXGroup;
			children = (
				A606759121F2EE0D009B7533 /* yahei.ttf */,
			);
			path = Resource;
			sourceTree = "<group>";
		};
		A606759321F30534009B7533 /* PXDebug */ = {
			isa = PBXGroup;
			children = (
				A606759D21F30572009B7533 /* PXDebug.h */,
				A606759E21F30572009B7533 /* PXDebug.m */,
				A606759721F30554009B7533 /* UIView+Debug.h */,
				A606759821F30554009B7533 /* UIView+Debug.m */,
				A606759A21F30565009B7533 /* UIViewController+Debug.h */,
				A606759B21F30565009B7533 /* UIViewController+Debug.m */,
			);
			path = PXDebug;
			sourceTree = "<group>";
		};
		A67A2D2B21F021180001F39B = {
			isa = PBXGroup;
			children = (
				FFB563FBAEE847AC69E036A1 /* Frameworks */,
				5DF60F3361591B7EC9F30780 /* Pods */,
				A67A2D3521F021190001F39B /* Products */,
				A67A2D3621F021190001F39B /* PXUtilsDemo */,
			);
			sourceTree = "<group>";
		};
		A67A2D3521F021190001F39B /* Products */ = {
			isa = PBXGroup;
			children = (
				A67A2D3421F021190001F39B /* PXUtilsDemo.app */,
			);
			name = Products;
			sourceTree = "<group>";
		};
		A67A2D3621F021190001F39B /* PXUtilsDemo */ = {
			isa = PBXGroup;
			children = (
				A606759021F2EE0D009B7533 /* Resource */,
				A67A2D3721F021190001F39B /* AppDelegate.h */,
				A67A2D3821F021190001F39B /* AppDelegate.m */,
				A67A2D3A21F021190001F39B /* ViewController.h */,
				A67A2D3B21F021190001F39B /* ViewController.m */,
				A60675A021F3173C009B7533 /* TwoVC.h */,
				A60675A121F3173C009B7533 /* TwoVC.m */,
				A606758921F1C755009B7533 /* User.h */,
				A606758A21F1C755009B7533 /* User.m */,
				A60675D921F321FB009B7533 /* PrefixHeader.pch */,
				A67A2D4D21F021710001F39B /* PXUtils */,
				A67A2D4021F021190001F39B /* Assets.xcassets */,
				A67A2D4221F021190001F39B /* LaunchScreen.storyboard */,
				A67A2D4521F021190001F39B /* Info.plist */,
				A67A2D4621F021190001F39B /* main.m */,
			);
			path = PXUtilsDemo;
			sourceTree = "<group>";
		};
		A67A2D4D21F021710001F39B /* PXUtils */ = {
			isa = PBXGroup;
			children = (
				A606759321F30534009B7533 /* PXDebug */,
				A67A2DB521F0731E0001F39B /* PXKit */,
				A67A2D5521F021710001F39B /* PXObject */,
				A67A2D5621F0218B0001F39B /* PXUtils.h */,
				A60675E021F55B8C009B7533 /* PXUtilsConstant.h */,
				A60675E121F55B8C009B7533 /* PXUtilsConstant.m */,
				A60675E321F55B8C009B7533 /* PXUtilsConstInline.h */,
				A60675E421F55B8C009B7533 /* PXUtilsMacros.h */,
				A60675E221F55B8C009B7533 /* PXUtilsSingleton.h */,
			);
			path = PXUtils;
			sourceTree = SOURCE_ROOT;
		};
		A67A2D5521F021710001F39B /* PXObject */ = {
			isa = PBXGroup;
			children = (
				A606757E21F19FA9009B7533 /* NSObject */,
				A67A2DA921F073150001F39B /* NSArray */,
				A67A2DAC21F073150001F39B /* NSDate */,
				A67A2DAF21F073150001F39B /* NSString */,
			);
			path = PXObject;
			sourceTree = "<group>";
		};
		A67A2DA921F073150001F39B /* NSArray */ = {
			isa = PBXGroup;
			children = (
				A67A2DAA21F073150001F39B /* NSArray+PX.h */,
				A67A2DAB21F073150001F39B /* NSArray+PX.m */,
			);
			path = NSArray;
			sourceTree = "<group>";
		};
		A67A2DAC21F073150001F39B /* NSDate */ = {
			isa = PBXGroup;
			children = (
				A67A2DAD21F073150001F39B /* NSDate+PX.h */,
				A67A2DAE21F073150001F39B /* NSDate+PX.m */,
			);
			path = NSDate;
			sourceTree = "<group>";
		};
		A67A2DAF21F073150001F39B /* NSString */ = {
			isa = PBXGroup;
			children = (
				A67A2DB121F073150001F39B /* NSString+PX.h */,
				A67A2DB021F073150001F39B /* NSString+PX.m */,
			);
			path = NSString;
			sourceTree = "<group>";
		};
		A67A2DB521F0731E0001F39B /* PXKit */ = {
			isa = PBXGroup;
			children = (
				A67A2DBC21F0731E0001F39B /* UIButton */,
				A67A2DBF21F0731E0001F39B /* UIColor */,
				A67A2DC521F0731E0001F39B /* UIFont */,
				A67A2DB621F0731E0001F39B /* UIImage */,
				A67A2DCB21F0731E0001F39B /* UIImageView */,
				A67A2DB921F0731E0001F39B /* UILabel */,
				A67A2DCF21F0731E0001F39B /* UITextField */,
				A67A2DC821F0731E0001F39B /* UITextView */,
				A67A2DC221F0731E0001F39B /* UIView */,
			);
			path = PXKit;
			sourceTree = "<group>";
		};
		A67A2DB621F0731E0001F39B /* UIImage */ = {
			isa = PBXGroup;
			children = (
				A67A2DB721F0731E0001F39B /* UIImage+PX.h */,
				A67A2DB821F0731E0001F39B /* UIImage+PX.m */,
			);
			path = UIImage;
			sourceTree = "<group>";
		};
		A67A2DB921F0731E0001F39B /* UILabel */ = {
			isa = PBXGroup;
			children = (
				A67A2DBA21F0731E0001F39B /* UILabel+PX.h */,
				A67A2DBB21F0731E0001F39B /* UILabel+PX.m */,
			);
			path = UILabel;
			sourceTree = "<group>";
		};
		A67A2DBC21F0731E0001F39B /* UIButton */ = {
			isa = PBXGroup;
			children = (
				A67A2DBE21F0731E0001F39B /* UIButton+PX.h */,
				A67A2DBD21F0731E0001F39B /* UIButton+PX.m */,
			);
			path = UIButton;
			sourceTree = "<group>";
		};
		A67A2DBF21F0731E0001F39B /* UIColor */ = {
			isa = PBXGroup;
			children = (
				A67A2DC121F0731E0001F39B /* UIColor+PX.h */,
				A67A2DC021F0731E0001F39B /* UIColor+PX.m */,
			);
			path = UIColor;
			sourceTree = "<group>";
		};
		A67A2DC221F0731E0001F39B /* UIView */ = {
			isa = PBXGroup;
			children = (
				A67A2DC321F0731E0001F39B /* UIView+PX.h */,
				A67A2DC421F0731E0001F39B /* UIView+PX.m */,
			);
			path = UIView;
			sourceTree = "<group>";
		};
		A67A2DC521F0731E0001F39B /* UIFont */ = {
			isa = PBXGroup;
			children = (
				A67A2DC721F0731E0001F39B /* UIFont+PX.h */,
				A67A2DC621F0731E0001F39B /* UIFont+PX.m */,
			);
			path = UIFont;
			sourceTree = "<group>";
		};
		A67A2DC821F0731E0001F39B /* UITextView */ = {
			isa = PBXGroup;
			children = (
				A67A2DCA21F0731E0001F39B /* UITextView+PX.h */,
				A67A2DC921F0731E0001F39B /* UITextView+PX.m */,
			);
			path = UITextView;
			sourceTree = "<group>";
		};
		A67A2DCB21F0731E0001F39B /* UIImageView */ = {
			isa = PBXGroup;
			children = (
				A67A2DCC21F0731E0001F39B /* UIImageView+PX.h */,
				A67A2DCD21F0731E0001F39B /* UIImageView+PX.m */,
			);
			path = UIImageView;
			sourceTree = "<group>";
		};
		A67A2DCF21F0731E0001F39B /* UITextField */ = {
			isa = PBXGroup;
			children = (
				A67A2DD021F0731E0001F39B /* UITextField+PX.h */,
				A67A2DD121F0731E0001F39B /* UITextField+PX.m */,
			);
			path = UITextField;
			sourceTree = "<group>";
		};
		FFB563FBAEE847AC69E036A1 /* Frameworks */ = {
			isa = PBXGroup;
			children = (
				F55317D0710A4E8339E01CEE /* Pods_PXUtilsDemo.framework */,
			);
			name = Frameworks;
			sourceTree = "<group>";
		};
/* End PBXGroup section */

/* Begin PBXNativeTarget section */
		A67A2D3321F021190001F39B /* PXUtilsDemo */ = {
			isa = PBXNativeTarget;
			buildConfigurationList = A67A2D4A21F021190001F39B /* Build configuration list for PBXNativeTarget "PXUtilsDemo" */;
			buildPhases = (
				32F37C257A0E0752AB823FD7 /* [CP] Check Pods Manifest.lock */,
				A67A2D3021F021190001F39B /* Sources */,
				A67A2D3121F021190001F39B /* Frameworks */,
				A67A2D3221F021190001F39B /* Resources */,
				7FE0EC59C8DE57569FFD03FA /* [CP] Embed Pods Frameworks */,
			);
			buildRules = (
			);
			dependencies = (
			);
			name = PXUtilsDemo;
			productName = PXUtilsDemo;
			productReference = A67A2D3421F021190001F39B /* PXUtilsDemo.app */;
			productType = "com.apple.product-type.application";
		};
/* End PBXNativeTarget section */

/* Begin PBXProject section */
		A67A2D2C21F021180001F39B /* Project object */ = {
			isa = PBXProject;
			attributes = {
				LastUpgradeCheck = 1010;
				ORGANIZATIONNAME = Charles.Qi;
				TargetAttributes = {
					A67A2D3321F021190001F39B = {
						CreatedOnToolsVersion = 10.1;
					};
				};
			};
			buildConfigurationList = A67A2D2F21F021180001F39B /* Build configuration list for PBXProject "PXUtilsDemo" */;
			compatibilityVersion = "Xcode 9.3";
			developmentRegion = en;
			hasScannedForEncodings = 0;
			knownRegions = (
				en,
				Base,
			);
			mainGroup = A67A2D2B21F021180001F39B;
			productRefGroup = A67A2D3521F021190001F39B /* Products */;
			projectDirPath = "";
			projectRoot = "";
			targets = (
				A67A2D3321F021190001F39B /* PXUtilsDemo */,
			);
		};
/* End PBXProject section */

/* Begin PBXResourcesBuildPhase section */
		A67A2D3221F021190001F39B /* Resources */ = {
			isa = PBXResourcesBuildPhase;
			buildActionMask = 2147483647;
			files = (
				A67A2D4421F021190001F39B /* LaunchScreen.storyboard in Resources */,
				A606759221F2EE0D009B7533 /* yahei.ttf in Resources */,
				A67A2D4121F021190001F39B /* Assets.xcassets in Resources */,
			);
			runOnlyForDeploymentPostprocessing = 0;
		};
/* End PBXResourcesBuildPhase section */

/* Begin PBXShellScriptBuildPhase section */
		32F37C257A0E0752AB823FD7 /* [CP] Check Pods Manifest.lock */ = {
			isa = PBXShellScriptBuildPhase;
			buildActionMask = 2147483647;
			files = (
			);
			inputFileListPaths = (
			);
			inputPaths = (
				"${PODS_PODFILE_DIR_PATH}/Podfile.lock",
				"${PODS_ROOT}/Manifest.lock",
			);
			name = "[CP] Check Pods Manifest.lock";
			outputFileListPaths = (
			);
			outputPaths = (
				"$(DERIVED_FILE_DIR)/Pods-PXUtilsDemo-checkManifestLockResult.txt",
			);
			runOnlyForDeploymentPostprocessing = 0;
			shellPath = /bin/sh;
			shellScript = "diff \"${PODS_PODFILE_DIR_PATH}/Podfile.lock\" \"${PODS_ROOT}/Manifest.lock\" > /dev/null\nif [ $? != 0 ] ; then\n    # print error to STDERR\n    echo \"error: The sandbox is not in sync with the Podfile.lock. Run 'pod install' or update your CocoaPods installation.\" >&2\n    exit 1\nfi\n# This output is used by Xcode 'outputs' to avoid re-running this script phase.\necho \"SUCCESS\" > \"${SCRIPT_OUTPUT_FILE_0}\"\n";
			showEnvVarsInLog = 0;
		};
		7FE0EC59C8DE57569FFD03FA /* [CP] Embed Pods Frameworks */ = {
			isa = PBXShellScriptBuildPhase;
			buildActionMask = 2147483647;
			files = (
			);
			inputFileListPaths = (
			);
			inputPaths = (
				"${SRCROOT}/Pods/Target Support Files/Pods-PXUtilsDemo/Pods-PXUtilsDemo-frameworks.sh",
				"${BUILT_PRODUCTS_DIR}/YYCache/YYCache.framework",
				"${BUILT_PRODUCTS_DIR}/YYImage/YYImage.framework",
				"${BUILT_PRODUCTS_DIR}/YYWebImage/YYWebImage.framework",
			);
			name = "[CP] Embed Pods Frameworks";
			outputFileListPaths = (
			);
			outputPaths = (
				"${TARGET_BUILD_DIR}/${FRAMEWORKS_FOLDER_PATH}/YYCache.framework",
				"${TARGET_BUILD_DIR}/${FRAMEWORKS_FOLDER_PATH}/YYImage.framework",
				"${TARGET_BUILD_DIR}/${FRAMEWORKS_FOLDER_PATH}/YYWebImage.framework",
			);
			runOnlyForDeploymentPostprocessing = 0;
			shellPath = /bin/sh;
			shellScript = "\"${SRCROOT}/Pods/Target Support Files/Pods-PXUtilsDemo/Pods-PXUtilsDemo-frameworks.sh\"\n";
			showEnvVarsInLog = 0;
		};
/* End PBXShellScriptBuildPhase section */

/* Begin PBXSourcesBuildPhase section */
		A67A2D3021F021190001F39B /* Sources */ = {
			isa = PBXSourcesBuildPhase;
			buildActionMask = 2147483647;
			files = (
				A60675D821F321BF009B7533 /* main.m in Sources */,
				A60675C321F3218E009B7533 /* AppDelegate.m in Sources */,
				A60675C421F3218E009B7533 /* ViewController.m in Sources */,
				A60675E521F55B8C009B7533 /* PXUtilsConstant.m in Sources */,
				A60675C521F3218E009B7533 /* TwoVC.m in Sources */,
				A60675C621F3218E009B7533 /* User.m in Sources */,
				A60675C821F3218E009B7533 /* PXDebug.m in Sources */,
				A60675C921F3218E009B7533 /* UIView+Debug.m in Sources */,
				A60675CA21F3218E009B7533 /* UIViewController+Debug.m in Sources */,
				A60675CB21F3218E009B7533 /* UIButton+PX.m in Sources */,
				A60675CC21F3218E009B7533 /* UIColor+PX.m in Sources */,
				A60675CD21F3218E009B7533 /* UIFont+PX.m in Sources */,
				A60675CE21F3218E009B7533 /* UIImage+PX.m in Sources */,
				A60675CF21F3218E009B7533 /* UIImageView+PX.m in Sources */,
				A60675D021F3218E009B7533 /* UILabel+PX.m in Sources */,
				A60675D121F3218E009B7533 /* UITextField+PX.m in Sources */,
				A60675D221F3218E009B7533 /* UITextView+PX.m in Sources */,
				A60675D321F3218E009B7533 /* UIView+PX.m in Sources */,
				A60675D421F3218E009B7533 /* PXObject.m in Sources */,
				A60675D521F3218E009B7533 /* NSArray+PX.m in Sources */,
				A60675D621F3218E009B7533 /* NSDate+PX.m in Sources */,
				A60675D721F3218E009B7533 /* NSString+PX.m in Sources */,
			);
			runOnlyForDeploymentPostprocessing = 0;
		};
/* End PBXSourcesBuildPhase section */

/* Begin PBXVariantGroup section */
		A67A2D4221F021190001F39B /* LaunchScreen.storyboard */ = {
			isa = PBXVariantGroup;
			children = (
				A67A2D4321F021190001F39B /* Base */,
			);
			name = LaunchScreen.storyboard;
			sourceTree = "<group>";
		};
/* End PBXVariantGroup section */

/* Begin XCBuildConfiguration section */
		A67A2D4821F021190001F39B /* Debug */ = {
			isa = XCBuildConfiguration;
			buildSettings = {
				ALWAYS_SEARCH_USER_PATHS = NO;
				CLANG_ANALYZER_NONNULL = YES;
				CLANG_ANALYZER_NUMBER_OBJECT_CONVERSION = YES_AGGRESSIVE;
				CLANG_CXX_LANGUAGE_STANDARD = "gnu++14";
				CLANG_CXX_LIBRARY = "libc++";
				CLANG_ENABLE_MODULES = YES;
				CLANG_ENABLE_OBJC_ARC = YES;
				CLANG_ENABLE_OBJC_WEAK = YES;
				CLANG_WARN_BLOCK_CAPTURE_AUTORELEASING = YES;
				CLANG_WARN_BOOL_CONVERSION = YES;
				CLANG_WARN_COMMA = YES;
				CLANG_WARN_CONSTANT_CONVERSION = YES;
				CLANG_WARN_DEPRECATED_OBJC_IMPLEMENTATIONS = YES;
				CLANG_WARN_DIRECT_OBJC_ISA_USAGE = YES_ERROR;
				CLANG_WARN_DOCUMENTATION_COMMENTS = YES;
				CLANG_WARN_EMPTY_BODY = YES;
				CLANG_WARN_ENUM_CONVERSION = YES;
				CLANG_WARN_INFINITE_RECURSION = YES;
				CLANG_WARN_INT_CONVERSION = YES;
				CLANG_WARN_NON_LITERAL_NULL_CONVERSION = YES;
				CLANG_WARN_OBJC_IMPLICIT_RETAIN_SELF = YES;
				CLANG_WARN_OBJC_LITERAL_CONVERSION = YES;
				CLANG_WARN_OBJC_ROOT_CLASS = YES_ERROR;
				CLANG_WARN_RANGE_LOOP_ANALYSIS = YES;
				CLANG_WARN_STRICT_PROTOTYPES = YES;
				CLANG_WARN_SUSPICIOUS_MOVE = YES;
				CLANG_WARN_UNGUARDED_AVAILABILITY = YES_AGGRESSIVE;
				CLANG_WARN_UNREACHABLE_CODE = YES;
				CLANG_WARN__DUPLICATE_METHOD_MATCH = YES;
				CODE_SIGN_IDENTITY = "iPhone Developer";
				COPY_PHASE_STRIP = NO;
				DEBUG_INFORMATION_FORMAT = dwarf;
				ENABLE_STRICT_OBJC_MSGSEND = YES;
				ENABLE_TESTABILITY = YES;
				GCC_C_LANGUAGE_STANDARD = gnu11;
				GCC_DYNAMIC_NO_PIC = NO;
				GCC_NO_COMMON_BLOCKS = YES;
				GCC_OPTIMIZATION_LEVEL = 0;
				GCC_PREPROCESSOR_DEFINITIONS = (
					"DEBUG=1",
					"$(inherited)",
				);
				GCC_WARN_64_TO_32_BIT_CONVERSION = YES;
				GCC_WARN_ABOUT_RETURN_TYPE = YES_ERROR;
				GCC_WARN_UNDECLARED_SELECTOR = YES;
				GCC_WARN_UNINITIALIZED_AUTOS = YES_AGGRESSIVE;
				GCC_WARN_UNUSED_FUNCTION = YES;
				GCC_WARN_UNUSED_VARIABLE = YES;
				IPHONEOS_DEPLOYMENT_TARGET = 12.1;
				MTL_ENABLE_DEBUG_INFO = INCLUDE_SOURCE;
				MTL_FAST_MATH = YES;
				ONLY_ACTIVE_ARCH = YES;
				SDKROOT = iphoneos;
			};
			name = Debug;
		};
		A67A2D4921F021190001F39B /* Release */ = {
			isa = XCBuildConfiguration;
			buildSettings = {
				ALWAYS_SEARCH_USER_PATHS = NO;
				CLANG_ANALYZER_NONNULL = YES;
				CLANG_ANALYZER_NUMBER_OBJECT_CONVERSION = YES_AGGRESSIVE;
				CLANG_CXX_LANGUAGE_STANDARD = "gnu++14";
				CLANG_CXX_LIBRARY = "libc++";
				CLANG_ENABLE_MODULES = YES;
				CLANG_ENABLE_OBJC_ARC = YES;
				CLANG_ENABLE_OBJC_WEAK = YES;
				CLANG_WARN_BLOCK_CAPTURE_AUTORELEASING = YES;
				CLANG_WARN_BOOL_CONVERSION = YES;
				CLANG_WARN_COMMA = YES;
				CLANG_WARN_CONSTANT_CONVERSION = YES;
				CLANG_WARN_DEPRECATED_OBJC_IMPLEMENTATIONS = YES;
				CLANG_WARN_DIRECT_OBJC_ISA_USAGE = YES_ERROR;
				CLANG_WARN_DOCUMENTATION_COMMENTS = YES;
				CLANG_WARN_EMPTY_BODY = YES;
				CLANG_WARN_ENUM_CONVERSION = YES;
				CLANG_WARN_INFINITE_RECURSION = YES;
				CLANG_WARN_INT_CONVERSION = YES;
				CLANG_WARN_NON_LITERAL_NULL_CONVERSION = YES;
				CLANG_WARN_OBJC_IMPLICIT_RETAIN_SELF = YES;
				CLANG_WARN_OBJC_LITERAL_CONVERSION = YES;
				CLANG_WARN_OBJC_ROOT_CLASS = YES_ERROR;
				CLANG_WARN_RANGE_LOOP_ANALYSIS = YES;
				CLANG_WARN_STRICT_PROTOTYPES = YES;
				CLANG_WARN_SUSPICIOUS_MOVE = YES;
				CLANG_WARN_UNGUARDED_AVAILABILITY = YES_AGGRESSIVE;
				CLANG_WARN_UNREACHABLE_CODE = YES;
				CLANG_WARN__DUPLICATE_METHOD_MATCH = YES;
				CODE_SIGN_IDENTITY = "iPhone Developer";
				COPY_PHASE_STRIP = NO;
				DEBUG_INFORMATION_FORMAT = "dwarf-with-dsym";
				ENABLE_NS_ASSERTIONS = NO;
				ENABLE_STRICT_OBJC_MSGSEND = YES;
				GCC_C_LANGUAGE_STANDARD = gnu11;
				GCC_NO_COMMON_BLOCKS = YES;
				GCC_WARN_64_TO_32_BIT_CONVERSION = YES;
				GCC_WARN_ABOUT_RETURN_TYPE = YES_ERROR;
				GCC_WARN_UNDECLARED_SELECTOR = YES;
				GCC_WARN_UNINITIALIZED_AUTOS = YES_AGGRESSIVE;
				GCC_WARN_UNUSED_FUNCTION = YES;
				GCC_WARN_UNUSED_VARIABLE = YES;
				IPHONEOS_DEPLOYMENT_TARGET = 12.1;
				MTL_ENABLE_DEBUG_INFO = NO;
				MTL_FAST_MATH = YES;
				SDKROOT = iphoneos;
				VALIDATE_PRODUCT = YES;
			};
			name = Release;
		};
		A67A2D4B21F021190001F39B /* Debug */ = {
			isa = XCBuildConfiguration;
			baseConfigurationReference = D9F97CCB37640DBA8091C37E /* Pods-PXUtilsDemo.debug.xcconfig */;
			buildSettings = {
				ASSETCATALOG_COMPILER_APPICON_NAME = AppIcon;
				CODE_SIGN_STYLE = Automatic;
				DEVELOPMENT_TEAM = 66QT26DRVD;
				GCC_PREFIX_HEADER = "$(SRCROOT)/$(PROJECT_NAME)/PrefixHeader.pch";
				INFOPLIST_FILE = PXUtilsDemo/Info.plist;
				IPHONEOS_DEPLOYMENT_TARGET = 9.0;
				LD_RUNPATH_SEARCH_PATHS = (
					"$(inherited)",
					"@executable_path/Frameworks",
				);
				PRODUCT_BUNDLE_IDENTIFIER = com.Charles.PXUtilsDemo;
				PRODUCT_NAME = "$(TARGET_NAME)";
				TARGETED_DEVICE_FAMILY = 1;
			};
			name = Debug;
		};
		A67A2D4C21F021190001F39B /* Release */ = {
			isa = XCBuildConfiguration;
			baseConfigurationReference = 24F1C7C8D2470C4E48EA9FF7 /* Pods-PXUtilsDemo.release.xcconfig */;
			buildSettings = {
				ASSETCATALOG_COMPILER_APPICON_NAME = AppIcon;
				CODE_SIGN_STYLE = Automatic;
				DEVELOPMENT_TEAM = 66QT26DRVD;
				GCC_PREFIX_HEADER = "$(SRCROOT)/$(PROJECT_NAME)/PrefixHeader.pch";
				INFOPLIST_FILE = PXUtilsDemo/Info.plist;
				IPHONEOS_DEPLOYMENT_TARGET = 9.0;
				LD_RUNPATH_SEARCH_PATHS = (
					"$(inherited)",
					"@executable_path/Frameworks",
				);
				PRODUCT_BUNDLE_IDENTIFIER = com.Charles.PXUtilsDemo;
				PRODUCT_NAME = "$(TARGET_NAME)";
				TARGETED_DEVICE_FAMILY = 1;
			};
			name = Release;
		};
/* End XCBuildConfiguration section */

/* Begin XCConfigurationList section */
		A67A2D2F21F021180001F39B /* Build configuration list for PBXProject "PXUtilsDemo" */ = {
			isa = XCConfigurationList;
			buildConfigurations = (
				A67A2D4821F021190001F39B /* Debug */,
				A67A2D4921F021190001F39B /* Release */,
			);
			defaultConfigurationIsVisible = 0;
			defaultConfigurationName = Release;
		};
		A67A2D4A21F021190001F39B /* Build configuration list for PBXNativeTarget "PXUtilsDemo" */ = {
			isa = XCConfigurationList;
			buildConfigurations = (
				A67A2D4B21F021190001F39B /* Debug */,
				A67A2D4C21F021190001F39B /* Release */,
			);
			defaultConfigurationIsVisible = 0;
			defaultConfigurationName = Release;
		};
/* End XCConfigurationList section */
	};
	rootObject = A67A2D2C21F021180001F39B /* Project object */;
}
